
Microsoft Visual Studio Solution File, Format Version 12.00
# Visual Studio 2013
VisualStudioVersion = 12.0.21005.1
MinimumVisualStudioVersion = 10.0.40219.1
Project("{FAE04EC0-301F-11D3-BF4B-00C04F79EFBC}") = "Bai1-Client", "Bai1-Client\Bai1-Client.csproj", "{B177EA09-BDB6-482C-84E7-94D725A466FD}"
EndProject
Project("{FAE04EC0-301F-11D3-BF4B-00C04F79EFBC}") = "Bai1-Server", "Bai1-Server\Bai1-Server.csproj", "{2D309978-F52E-436A-97A2-3767E4A0B7C0}"
EndProject
Project("{FAE04EC0-301F-11D3-BF4B-00C04F79EFBC}") = "Bai1-Client2", "Bai1-Client2\Bai1-Client2.csproj", "{0971E4F8-3198-45E3-8985-213515487C8A}"
EndProject
Global
	GlobalSection(SolutionConfigurationPlatforms) = preSolution
		Debug|Any CPU = Debug|Any CPU
		Release|Any CPU = Release|Any CPU
	EndGlobalSection
	GlobalSection(ProjectConfigurationPlatforms) = postSolution
		{B177EA09-BDB6-482C-84E7-94D725A466FD}.Debug|Any CPU.ActiveCfg = Debug|Any CPU
		{B177EA09-BDB6-482C-84E7-94D725A466FD}.Debug|Any CPU.Build.0 = Debug|Any CPU
		{B177EA09-BDB6-482C-84E7-94D725A466FD}.Release|Any CPU.ActiveCfg = Release|Any CPU
		{B177EA09-BDB6-482C-84E7-94D725A466FD}.Release|Any CPU.Build.0 = Release|Any CPU
		{2D309978-F52E-436A-97A2-3767E4A0B7C0}.Debug|Any CPU.ActiveCfg = Debug|Any CPU
		{2D309978-F52E-436A-97A2-3767E4A0B7C0}.Debug|Any CPU.Build.0 = Debug|Any CPU
		{2D309978-F52E-436A-97A2-3767E4A0B7C0}.Release|Any CPU.ActiveCfg = Release|Any CPU
		{2D309978-F52E-436A-97A2-3767E4A0B7C0}.Release|Any CPU.Build.0 = Release|Any CPU
		{0971E4F8-3198-45E3-8985-213515487C8A}.Debug|Any CPU.ActiveCfg = Debug|Any CPU
		{0971E4F8-3198-45E3-8985-213515487C8A}.Debug|Any CPU.Build.0 = Debug|Any CPU
		{0971E4F8-3198-45E3-8985-213515487C8A}.Release|Any CPU.ActiveCfg = Release|Any CPU
		{0971E4F8-3198-45E3-8985-213515487C8A}.Release|Any CPU.Build.0 = Release|Any CPU
	EndGlobalSection
	GlobalSection(SolutionProperties) = preSolution
		HideSolutionNode = FALSE
	EndGlobalSection
EndGlobal
